
Microsoft Visual Studio Solution File, Format Version 12.00
# Visual Studio 15
VisualStudioVersion = 15.0.26124.0
MinimumVisualStudioVersion = 15.0.26124.0
Project("{2150E333-8FDC-42A3-9474-1A3956D46DE8}") = "src", "src", "{EA1AF1AE-BDB2-4D70-8AF6-6352203AD4F9}"
EndProject
Project("{FAE04EC0-301F-11D3-BF4B-00C04F79EFBC}") = "GradeBook", "src\GradeBook\GradeBook.csproj", "{9C60C156-6548-4642-B088-ECBEF7FA1923}"
EndProject
Project("{2150E333-8FDC-42A3-9474-1A3956D46DE8}") = "test", "test", "{C075A4DF-3A83-4464-AA71-C12A58CC5D66}"
EndProject
Project("{FAE04EC0-301F-11D3-BF4B-00C04F79EFBC}") = "GradeBook.Tests", "test\GradeBook.Tests\GradeBook.Tests.csproj", "{6A53C268-220F-47EB-9237-DD1818721E17}"
EndProject
Global
	GlobalSection(SolutionConfigurationPlatforms) = preSolution
		Debug|Any CPU = Debug|Any CPU
		Debug|x64 = Debug|x64
		Debug|x86 = Debug|x86
		Release|Any CPU = Release|Any CPU
		Release|x64 = Release|x64
		Release|x86 = Release|x86
	EndGlobalSection
	GlobalSection(SolutionProperties) = preSolution
		HideSolutionNode = FALSE
	EndGlobalSection
	GlobalSection(ProjectConfigurationPlatforms) = postSolution
		{9C60C156-6548-4642-B088-ECBEF7FA1923}.Debug|Any CPU.ActiveCfg = Debug|Any CPU
		{9C60C156-6548-4642-B088-ECBEF7FA1923}.Debug|Any CPU.Build.0 = Debug|Any CPU
		{9C60C156-6548-4642-B088-ECBEF7FA1923}.Debug|x64.ActiveCfg = Debug|Any CPU
		{9C60C156-6548-4642-B088-ECBEF7FA1923}.Debug|x64.Build.0 = Debug|Any CPU
		{9C60C156-6548-4642-B088-ECBEF7FA1923}.Debug|x86.ActiveCfg = Debug|Any CPU
		{9C60C156-6548-4642-B088-ECBEF7FA1923}.Debug|x86.Build.0 = Debug|Any CPU
		{9C60C156-6548-4642-B088-ECBEF7FA1923}.Release|Any CPU.ActiveCfg = Release|Any CPU
		{9C60C156-6548-4642-B088-ECBEF7FA1923}.Release|Any CPU.Build.0 = Release|Any CPU
		{9C60C156-6548-4642-B088-ECBEF7FA1923}.Release|x64.ActiveCfg = Release|Any CPU
		{9C60C156-6548-4642-B088-ECBEF7FA1923}.Release|x64.Build.0 = Release|Any CPU
		{9C60C156-6548-4642-B088-ECBEF7FA1923}.Release|x86.ActiveCfg = Release|Any CPU
		{9C60C156-6548-4642-B088-ECBEF7FA1923}.Release|x86.Build.0 = Release|Any CPU
		{6A53C268-220F-47EB-9237-DD1818721E17}.Debug|Any CPU.ActiveCfg = Debug|Any CPU
		{6A53C268-220F-47EB-9237-DD1818721E17}.Debug|Any CPU.Build.0 = Debug|Any CPU
		{6A53C268-220F-47EB-9237-DD1818721E17}.Debug|x64.ActiveCfg = Debug|Any CPU
		{6A53C268-220F-47EB-9237-DD1818721E17}.Debug|x64.Build.0 = Debug|Any CPU
		{6A53C268-220F-47EB-9237-DD1818721E17}.Debug|x86.ActiveCfg = Debug|Any CPU
		{6A53C268-220F-47EB-9237-DD1818721E17}.Debug|x86.Build.0 = Debug|Any CPU
		{6A53C268-220F-47EB-9237-DD1818721E17}.Release|Any CPU.ActiveCfg = Release|Any CPU
		{6A53C268-220F-47EB-9237-DD1818721E17}.Release|Any CPU.Build.0 = Release|Any CPU
		{6A53C268-220F-47EB-9237-DD1818721E17}.Release|x64.ActiveCfg = Release|Any CPU
		{6A53C268-220F-47EB-9237-DD1818721E17}.Release|x64.Build.0 = Release|Any CPU
		{6A53C268-220F-47EB-9237-DD1818721E17}.Release|x86.ActiveCfg = Release|Any CPU
		{6A53C268-220F-47EB-9237-DD1818721E17}.Release|x86.Build.0 = Release|Any CPU
	EndGlobalSection
	GlobalSection(NestedProjects) = preSolution
		{9C60C156-6548-4642-B088-ECBEF7FA1923} = {EA1AF1AE-BDB2-4D70-8AF6-6352203AD4F9}
		{6A53C268-220F-47EB-9237-DD1818721E17} = {C075A4DF-3A83-4464-AA71-C12A58CC5D66}
	EndGlobalSection
EndGlobal
